
Microsoft Visual Studio Solution File, Format Version 12.00
Project("{FAE04EC0-301F-11D3-BF4B-00C04F79EFBC}") = "Day01", "Day01\Day01.csproj", "{D53089FB-5075-4C81-B017-04C8D1B80B7A}"
EndProject
Project("{FAE04EC0-301F-11D3-BF4B-00C04F79EFBC}") = "Day02", "Day02\Day02.csproj", "{A90782B8-340E-4E61-B2FF-308316423617}"
EndProject
Project("{FAE04EC0-301F-11D3-BF4B-00C04F79EFBC}") = "Day03", "Day03\Day03.csproj", "{17267153-15C6-4F4C-B678-D4E7D83BACB5}"
EndProject
Project("{FAE04EC0-301F-11D3-BF4B-00C04F79EFBC}") = "Day04", "Day04\Day04.csproj", "{F32DCFE7-7B8D-4F48-87F8-8FA368FF13EB}"
EndProject
Project("{FAE04EC0-301F-11D3-BF4B-00C04F79EFBC}") = "Day05", "Day05\Day05.csproj", "{0C32213A-1976-4557-B375-38CA7B95CAB4}"
EndProject
Project("{FAE04EC0-301F-11D3-BF4B-00C04F79EFBC}") = "Day06", "Day06\Day06.csproj", "{4DEF1C9F-FFD3-49D2-A6CC-93658CD3F8C8}"
EndProject
Project("{FAE04EC0-301F-11D3-BF4B-00C04F79EFBC}") = "Day07", "Day07\Day07.csproj", "{24096E3F-00F1-47BF-8A68-D48FB5036994}"
EndProject
Project("{FAE04EC0-301F-11D3-BF4B-00C04F79EFBC}") = "Day08", "Day08\Day08.csproj", "{2915AD0E-F8B6-4FCF-B053-A7E2A7E8BD39}"
EndProject
Project("{FAE04EC0-301F-11D3-BF4B-00C04F79EFBC}") = "Day09", "Day09\Day09.csproj", "{141D4D10-058F-4CAD-B3B3-E654E4666249}"
EndProject
Project("{FAE04EC0-301F-11D3-BF4B-00C04F79EFBC}") = "Day10", "Day10\Day10.csproj", "{5F818BB8-F992-45F2-B895-C17547CC4891}"
EndProject
Project("{FAE04EC0-301F-11D3-BF4B-00C04F79EFBC}") = "Day11", "Day11\Day11.csproj", "{9A550B7F-5F93-4F6C-BD98-CB7B37D1E8D8}"
EndProject
Project("{FAE04EC0-301F-11D3-BF4B-00C04F79EFBC}") = "Day12", "Day12\Day12.csproj", "{FD85E73B-B38E-42C4-891F-7EBDBD688B2A}"
EndProject
Global
	GlobalSection(SolutionConfigurationPlatforms) = preSolution
		Debug|Any CPU = Debug|Any CPU
		Release|Any CPU = Release|Any CPU
	EndGlobalSection
	GlobalSection(ProjectConfigurationPlatforms) = postSolution
		{FD85E73B-B38E-42C4-891F-7EBDBD688B2A}.Debug|Any CPU.ActiveCfg = Debug|Any CPU
		{FD85E73B-B38E-42C4-891F-7EBDBD688B2A}.Debug|Any CPU.Build.0 = Debug|Any CPU
		{FD85E73B-B38E-42C4-891F-7EBDBD688B2A}.Release|Any CPU.ActiveCfg = Release|Any CPU
		{FD85E73B-B38E-42C4-891F-7EBDBD688B2A}.Release|Any CPU.Build.0 = Release|Any CPU
		{D53089FB-5075-4C81-B017-04C8D1B80B7A}.Debug|Any CPU.ActiveCfg = Debug|Any CPU
		{D53089FB-5075-4C81-B017-04C8D1B80B7A}.Debug|Any CPU.Build.0 = Debug|Any CPU
		{D53089FB-5075-4C81-B017-04C8D1B80B7A}.Release|Any CPU.ActiveCfg = Release|Any CPU
		{D53089FB-5075-4C81-B017-04C8D1B80B7A}.Release|Any CPU.Build.0 = Release|Any CPU
		{A90782B8-340E-4E61-B2FF-308316423617}.Debug|Any CPU.ActiveCfg = Debug|Any CPU
		{A90782B8-340E-4E61-B2FF-308316423617}.Debug|Any CPU.Build.0 = Debug|Any CPU
		{A90782B8-340E-4E61-B2FF-308316423617}.Release|Any CPU.ActiveCfg = Release|Any CPU
		{A90782B8-340E-4E61-B2FF-308316423617}.Release|Any CPU.Build.0 = Release|Any CPU
		{17267153-15C6-4F4C-B678-D4E7D83BACB5}.Debug|Any CPU.ActiveCfg = Debug|Any CPU
		{17267153-15C6-4F4C-B678-D4E7D83BACB5}.Debug|Any CPU.Build.0 = Debug|Any CPU
		{17267153-15C6-4F4C-B678-D4E7D83BACB5}.Release|Any CPU.ActiveCfg = Release|Any CPU
		{17267153-15C6-4F4C-B678-D4E7D83BACB5}.Release|Any CPU.Build.0 = Release|Any CPU
		{F32DCFE7-7B8D-4F48-87F8-8FA368FF13EB}.Debug|Any CPU.ActiveCfg = Debug|Any CPU
		{F32DCFE7-7B8D-4F48-87F8-8FA368FF13EB}.Debug|Any CPU.Build.0 = Debug|Any CPU
		{F32DCFE7-7B8D-4F48-87F8-8FA368FF13EB}.Release|Any CPU.ActiveCfg = Release|Any CPU
		{F32DCFE7-7B8D-4F48-87F8-8FA368FF13EB}.Release|Any CPU.Build.0 = Release|Any CPU
		{0C32213A-1976-4557-B375-38CA7B95CAB4}.Debug|Any CPU.ActiveCfg = Debug|Any CPU
		{0C32213A-1976-4557-B375-38CA7B95CAB4}.Debug|Any CPU.Build.0 = Debug|Any CPU
		{0C32213A-1976-4557-B375-38CA7B95CAB4}.Release|Any CPU.ActiveCfg = Release|Any CPU
		{0C32213A-1976-4557-B375-38CA7B95CAB4}.Release|Any CPU.Build.0 = Release|Any CPU
		{4DEF1C9F-FFD3-49D2-A6CC-93658CD3F8C8}.Debug|Any CPU.ActiveCfg = Debug|Any CPU
		{4DEF1C9F-FFD3-49D2-A6CC-93658CD3F8C8}.Debug|Any CPU.Build.0 = Debug|Any CPU
		{4DEF1C9F-FFD3-49D2-A6CC-93658CD3F8C8}.Release|Any CPU.ActiveCfg = Release|Any CPU
		{4DEF1C9F-FFD3-49D2-A6CC-93658CD3F8C8}.Release|Any CPU.Build.0 = Release|Any CPU
		{24096E3F-00F1-47BF-8A68-D48FB5036994}.Debug|Any CPU.ActiveCfg = Debug|Any CPU
		{24096E3F-00F1-47BF-8A68-D48FB5036994}.Debug|Any CPU.Build.0 = Debug|Any CPU
		{24096E3F-00F1-47BF-8A68-D48FB5036994}.Release|Any CPU.ActiveCfg = Release|Any CPU
		{24096E3F-00F1-47BF-8A68-D48FB5036994}.Release|Any CPU.Build.0 = Release|Any CPU
		{2915AD0E-F8B6-4FCF-B053-A7E2A7E8BD39}.Debug|Any CPU.ActiveCfg = Debug|Any CPU
		{2915AD0E-F8B6-4FCF-B053-A7E2A7E8BD39}.Debug|Any CPU.Build.0 = Debug|Any CPU
		{2915AD0E-F8B6-4FCF-B053-A7E2A7E8BD39}.Release|Any CPU.ActiveCfg = Release|Any CPU
		{2915AD0E-F8B6-4FCF-B053-A7E2A7E8BD39}.Release|Any CPU.Build.0 = Release|Any CPU
		{141D4D10-058F-4CAD-B3B3-E654E4666249}.Debug|Any CPU.ActiveCfg = Debug|Any CPU
		{141D4D10-058F-4CAD-B3B3-E654E4666249}.Debug|Any CPU.Build.0 = Debug|Any CPU
		{141D4D10-058F-4CAD-B3B3-E654E4666249}.Release|Any CPU.ActiveCfg = Release|Any CPU
		{141D4D10-058F-4CAD-B3B3-E654E4666249}.Release|Any CPU.Build.0 = Release|Any CPU
		{5F818BB8-F992-45F2-B895-C17547CC4891}.Debug|Any CPU.ActiveCfg = Debug|Any CPU
		{5F818BB8-F992-45F2-B895-C17547CC4891}.Debug|Any CPU.Build.0 = Debug|Any CPU
		{5F818BB8-F992-45F2-B895-C17547CC4891}.Release|Any CPU.ActiveCfg = Release|Any CPU
		{5F818BB8-F992-45F2-B895-C17547CC4891}.Release|Any CPU.Build.0 = Release|Any CPU
		{9A550B7F-5F93-4F6C-BD98-CB7B37D1E8D8}.Debug|Any CPU.ActiveCfg = Debug|Any CPU
		{9A550B7F-5F93-4F6C-BD98-CB7B37D1E8D8}.Debug|Any CPU.Build.0 = Debug|Any CPU
		{9A550B7F-5F93-4F6C-BD98-CB7B37D1E8D8}.Release|Any CPU.ActiveCfg = Release|Any CPU
		{9A550B7F-5F93-4F6C-BD98-CB7B37D1E8D8}.Release|Any CPU.Build.0 = Release|Any CPU
	EndGlobalSection
EndGlobal
